{
  "lockfileVersion": 1,
  "configVersion": 1,
  "workspaces": {
    "": {
      "name": "affinity-sst-backend",
      "dependencies": {
        "@affinity-health/sdk": "link:@affinity-health/sdk",
        "@orpc/openapi": "^1.14.8",
        "@orpc/server": "^1.14.8",
        "@orpc/zod": "^1.14.8",
        "zod": "^4.4.3",
      },
      "devDependencies": {
        "@opentelemetry/api": "^1.9.1",
        "@types/bun": "latest",
        "@typescript/native-preview": "latest",
      },
    },
  },
  "packages": {
    "@affinity-health/sdk": ["@affinity-health/sdk@link:@affinity-health/sdk", {}],

    "@opentelemetry/api": ["@opentelemetry/api@1.9.1", "", {}, "sha512-gLyJlPHPZYdAk1JENA9LeHejZe1Ti77/pTeFm/nMXmQH/HFZlcS/O2XJB+L8fkbrNSqhdtlvjBVjxwUYanNH5Q=="],

    "@orpc/client": ["@orpc/client@1.14.8", "", { "dependencies": { "@orpc/shared": "1.14.8", "@orpc/standard-server": "1.14.8", "@orpc/standard-server-fetch": "1.14.8", "@orpc/standard-server-peer": "1.14.8" } }, "sha512-Gu9pttl8BvOdU0skSwsYWWL31e+qpLXmHTHTy990vEbrWncVFulOtWJtwY/rV1nX7AfWnSyJZJwCFZvMcFnQgA=="],

    "@orpc/contract": ["@orpc/contract@1.14.8", "", { "dependencies": { "@orpc/client": "1.14.8", "@orpc/shared": "1.14.8", "@standard-schema/spec": "^1.1.0", "openapi-types": "^12.1.3" } }, "sha512-Z+CnA6z6mBUUgHjfdMk82QvOocADgVxz5ZoS13BmqLsWuEO8dFm9eVTHRJ0NJDJ2KEHApR+1vshA0bXBQRuClw=="],

    "@orpc/interop": ["@orpc/interop@1.14.8", "", {}, "sha512-DgLjqMVMUEqtDWVgd3L3rScoAmO5uHumpwaxcCmQygAgGrCMiJ8S48ePOgkVajpxt5eC25tybd2veY4hnKRtUQ=="],

    "@orpc/json-schema": ["@orpc/json-schema@1.14.8", "", { "dependencies": { "@orpc/contract": "1.14.8", "@orpc/interop": "1.14.8", "@orpc/openapi": "1.14.8", "@orpc/server": "1.14.8", "@orpc/shared": "1.14.8", "json-schema-typed": "^8.0.2" } }, "sha512-vUU95SiJe+AwRP/9y2xAKMhdYb86f6Jgf8GOqt4bpxhleS8ujpd9YHZXVkT9M7jNkL1Z2+ftykwmfvW2IdXs6A=="],

    "@orpc/openapi": ["@orpc/openapi@1.14.8", "", { "dependencies": { "@orpc/client": "1.14.8", "@orpc/contract": "1.14.8", "@orpc/interop": "1.14.8", "@orpc/openapi-client": "1.14.8", "@orpc/server": "1.14.8", "@orpc/shared": "1.14.8", "@orpc/standard-server": "1.14.8", "json-schema-typed": "^8.0.2", "rou3": "^0.7.12" } }, "sha512-/kIScUqpy4oeDJt1LPhLsosLrnYj5lx1OkiYKg873UN1XQru4d/X4rzv3jJdKAOYvpqwcQje7fDfFIiQAaRBLg=="],

    "@orpc/openapi-client": ["@orpc/openapi-client@1.14.8", "", { "dependencies": { "@orpc/client": "1.14.8", "@orpc/contract": "1.14.8", "@orpc/shared": "1.14.8", "@orpc/standard-server": "1.14.8" } }, "sha512-d1eaL8H67Lz/OpNx02cWKu3w3zmqDwCCAZRVjerG4wC2MmbbBGliS1PYVPTvAeetAk81JnyD8i6w13Qf8SNpwA=="],

    "@orpc/server": ["@orpc/server@1.14.8", "", { "dependencies": { "@orpc/client": "1.14.8", "@orpc/contract": "1.14.8", "@orpc/interop": "1.14.8", "@orpc/shared": "1.14.8", "@orpc/standard-server": "1.14.8", "@orpc/standard-server-aws-lambda": "1.14.8", "@orpc/standard-server-fastify": "1.14.8", "@orpc/standard-server-fetch": "1.14.8", "@orpc/standard-server-node": "1.14.8", "@orpc/standard-server-peer": "1.14.8", "cookie": "^1.1.1" }, "peerDependencies": { "crossws": ">=0.3.4", "ws": ">=8.18.1" }, "optionalPeers": ["crossws", "ws"] }, "sha512-Do6xBim+uMtjlEy+08BpGInN78SmH9zVL9CNOUqmo//RmkTkb7C8LaqiPz/Y4QKvDdVRo15ku0C4OQhfvzlkSg=="],

    "@orpc/shared": ["@orpc/shared@1.14.8", "", { "dependencies": { "radash": "^12.1.1", "type-fest": "^5.4.4" }, "peerDependencies": { "@opentelemetry/api": ">=1.9.0" }, "optionalPeers": ["@opentelemetry/api"] }, "sha512-4fsmUMLx1qDYup2K3h9+heY+LfVXzdBa1bfhvbV7GHkdLrvyrVAMhiX4eAmKCog37vVvmpXf3sSUgrOB9R05ag=="],

    "@orpc/standard-server": ["@orpc/standard-server@1.14.8", "", { "dependencies": { "@orpc/shared": "1.14.8" } }, "sha512-v0iqvzJ6NzoVRYhk/GJl3/SqC124hSwcDOjPotZbILvx8XwfBlG4V/uhyaZ8baj+l5h79afrhia6Dq9QzFomEQ=="],

    "@orpc/standard-server-aws-lambda": ["@orpc/standard-server-aws-lambda@1.14.8", "", { "dependencies": { "@orpc/shared": "1.14.8", "@orpc/standard-server": "1.14.8", "@orpc/standard-server-fetch": "1.14.8", "@orpc/standard-server-node": "1.14.8" } }, "sha512-uX+x+cp8jGK276QOFM/mIBTLzyliruigpBhELUUiw9NoHbCBaD0fw2q4tHNyJk5ojpCIabhlBanT4BM3vZXhOQ=="],

    "@orpc/standard-server-fastify": ["@orpc/standard-server-fastify@1.14.8", "", { "dependencies": { "@orpc/shared": "1.14.8", "@orpc/standard-server": "1.14.8", "@orpc/standard-server-node": "1.14.8" }, "peerDependencies": { "fastify": ">=5.6.1" }, "optionalPeers": ["fastify"] }, "sha512-rAyaTclXpk7jOGGqAqlll0GDGT72gORw3oV0h+mJopo1yrJtdIqbJTBuQLUQOBqe/R9DFQfvvvUEnHVmV9nAjw=="],

    "@orpc/standard-server-fetch": ["@orpc/standard-server-fetch@1.14.8", "", { "dependencies": { "@orpc/shared": "1.14.8", "@orpc/standard-server": "1.14.8" } }, "sha512-iuYb+x+zJzdhzLI15bBliQ0wGNJQUXOHiDCJF2EcvjCmEMXRM0dfEFP9UdV7aK4Fz13xxzba26vOnlwlDrj3qg=="],

    "@orpc/standard-server-node": ["@orpc/standard-server-node@1.14.8", "", { "dependencies": { "@orpc/shared": "1.14.8", "@orpc/standard-server": "1.14.8", "@orpc/standard-server-fetch": "1.14.8" } }, "sha512-4JqKQePERSJo1p5Hn+kKa2TweRnEXaPi6ssx4Tnj3Y5lWn96sy+9uCUcdEdvlD3ZgAoN1EULUM9d/N/BD2g93g=="],

    "@orpc/standard-server-peer": ["@orpc/standard-server-peer@1.14.8", "", { "dependencies": { "@orpc/shared": "1.14.8", "@orpc/standard-server": "1.14.8" } }, "sha512-zWRV5eOoJR01pDya9H3xLZag5Bao5rfB60H+E+UlmfCC8TJANI8xl41sCWYu4WaYxQbvfom0T7TsTadLxMGszA=="],

    "@orpc/zod": ["@orpc/zod@1.14.8", "", { "dependencies": { "@orpc/json-schema": "1.14.8", "@orpc/openapi": "1.14.8", "@orpc/shared": "1.14.8", "escape-string-regexp": "^5.0.0", "wildcard-match": "^5.1.4" }, "peerDependencies": { "@orpc/contract": "1.14.8", "@orpc/server": "1.14.8", "zod": ">=3.25.0" } }, "sha512-Gf7oywZziLst/MS0WOC4GHi51QoI399OQrPYqjSle2ks7nrmQp4e9JOZq1HKcNVZJ87NWXz24KA7mFwkS1LrJA=="],

    "@standard-schema/spec": ["@standard-schema/spec@1.1.0", "", {}, "sha512-l2aFy5jALhniG5HgqrD6jXLi/rUWrKvqN/qJx6yoJsgKhblVd+iqqU4RCXavm/jPityDo5TCvKMnpjKnOriy0w=="],

    "@types/bun": ["@types/bun@1.3.14", "", { "dependencies": { "bun-types": "1.3.14" } }, "sha512-h1hFqFVcvAvD9j9K7ZW7vd82aSA+rTdznZa+5bwvCwqSB1jmmfLcbIWhOLx1/+boy/xmjgCs/OMUL8hRJSmnPw=="],

    "@types/node": ["@types/node@26.1.1", "", { "dependencies": { "undici-types": "~8.3.0" } }, "sha512-nxAkRSVkN1Y0JC1W8ky/fTfkGsMmcrRsbx+3XoZE+rMOX71kLYTV7fLXpqud1GpbpP5TuffXFqfX7fH2GgZREw=="],

    "@typescript/native-preview": ["@typescript/native-preview@7.0.0-dev.20260707.2", "", { "optionalDependencies": { "@typescript/native-preview-darwin-arm64": "7.0.0-dev.20260707.2", "@typescript/native-preview-darwin-x64": "7.0.0-dev.20260707.2", "@typescript/native-preview-linux-arm": "7.0.0-dev.20260707.2", "@typescript/native-preview-linux-arm64": "7.0.0-dev.20260707.2", "@typescript/native-preview-linux-x64": "7.0.0-dev.20260707.2", "@typescript/native-preview-win32-arm64": "7.0.0-dev.20260707.2", "@typescript/native-preview-win32-x64": "7.0.0-dev.20260707.2" }, "bin": { "tsgo": "bin/tsgo" } }, "sha512-oUGp+Rep/hqMhPunyinsALUwSlzHINSxitifPiSaeqoKOKD2OlR9NE3TaPqwsl4NlGslsOSUXI1JotWQzpYCPg=="],

    "@typescript/native-preview-darwin-arm64": ["@typescript/native-preview-darwin-arm64@7.0.0-dev.20260707.2", "", { "os": "darwin", "cpu": "arm64" }, "sha512-wny2pgKjGbiZtnOIHVa3tXC1UfDqxNEFzyPGmiqybedG8hipG2Nfp0l5UxbaKCjkLacUpH/W5bP2hBOMVhCOzg=="],

    "@typescript/native-preview-darwin-x64": ["@typescript/native-preview-darwin-x64@7.0.0-dev.20260707.2", "", { "os": "darwin", "cpu": "x64" }, "sha512-Afc7M5zOwo+GpfcYwz5Z8HMB2tPVsui7nNIqEuuFB73MPdVqNn/Wmpe4tP4MRri0AtJnJknoHBaTJ/VDAp/Jhw=="],

    "@typescript/native-preview-linux-arm": ["@typescript/native-preview-linux-arm@7.0.0-dev.20260707.2", "", { "os": "linux", "cpu": "arm" }, "sha512-hJm/UOqZTr9FHmR7uNm8VGX4oKtfWk0Jem0zPeJFNC8ckGUfSBueyiEYMZB+XmRc1aG4x1E46y3CplP4CLHvGQ=="],

    "@typescript/native-preview-linux-arm64": ["@typescript/native-preview-linux-arm64@7.0.0-dev.20260707.2", "", { "os": "linux", "cpu": "arm64" }, "sha512-iITBa2WjjTI5N9t5l7Z4KoOSI+2zBlhbvFzsD/f8qX8QoKjz/Y4DPyBDgezYi8nkqjjksbgSOJ3/ykzhwrB9cg=="],

    "@typescript/native-preview-linux-x64": ["@typescript/native-preview-linux-x64@7.0.0-dev.20260707.2", "", { "os": "linux", "cpu": "x64" }, "sha512-du0dzi6y97Po5vDNdPJTyyijHCpaS22JLRnKZEJXBDaO9gCIymOv/5QQokFRuOlQm0bWl3i9PF4OVdGP6uAOQA=="],

    "@typescript/native-preview-win32-arm64": ["@typescript/native-preview-win32-arm64@7.0.0-dev.20260707.2", "", { "os": "win32", "cpu": "arm64" }, "sha512-SsAwfhyHJ1akgBc+99z4+hwdbHsdWaKB8EwCNIMA6JfSLMeUjffrYvxu+vfMyxVtOVOz7RrRXRoiDiu4a2sCtg=="],

    "@typescript/native-preview-win32-x64": ["@typescript/native-preview-win32-x64@7.0.0-dev.20260707.2", "", { "os": "win32", "cpu": "x64" }, "sha512-DL4u27stv0fo71sVhOzHSwE+YMZsbBijVI+kg5dLDLilSH79WFTJ8RSQ46vJrCMt+Gjlv/JOZP1PuLJDfioYeQ=="],

    "bun-types": ["bun-types@1.3.14", "", { "dependencies": { "@types/node": "*" } }, "sha512-4N0ig0fEomHt5R0KCFWjovxow98rIoRwKolrYdCcknNwMekCXRnWEUvgu5soYV8QXtVsrUD8B95MBOZGPvr6KQ=="],

    "cookie": ["cookie@1.1.1", "", {}, "sha512-ei8Aos7ja0weRpFzJnEA9UHJ/7XQmqglbRwnf2ATjcB9Wq874VKH9kfjjirM6UhU2/E5fFYadylyhFldcqSidQ=="],

    "escape-string-regexp": ["escape-string-regexp@5.0.0", "", {}, "sha512-/veY75JbMK4j1yjvuUxuVsiS/hr/4iHs9FTT6cgTexxdE0Ly/glccBAkloH/DofkjRbZU3bnoj38mOmhkZ0lHw=="],

    "json-schema-typed": ["json-schema-typed@8.0.2", "", {}, "sha512-fQhoXdcvc3V28x7C7BMs4P5+kNlgUURe2jmUT1T//oBRMDrqy1QPelJimwZGo7Hg9VPV3EQV5Bnq4hbFy2vetA=="],

    "openapi-types": ["openapi-types@12.1.3", "", {}, "sha512-N4YtSYJqghVu4iek2ZUvcN/0aqH1kRDuNqzcycDxhOUpg7GdvLa2F3DgS6yBNhInhv2r/6I0Flkn7CqL8+nIcw=="],

    "radash": ["radash@12.1.1", "", {}, "sha512-h36JMxKRqrAxVD8201FrCpyeNuUY9Y5zZwujr20fFO77tpUtGa6EZzfKw/3WaiBX95fq7+MpsuMLNdSnORAwSA=="],

    "rou3": ["rou3@0.7.12", "", {}, "sha512-iFE4hLDuloSWcD7mjdCDhx2bKcIsYbtOTpfH5MHHLSKMOUyjqQXTeZVa289uuwEGEKFoE/BAPbhaU4B774nceg=="],

    "tagged-tag": ["tagged-tag@1.0.0", "", {}, "sha512-yEFYrVhod+hdNyx7g5Bnkkb0G6si8HJurOoOEgC8B/O0uXLHlaey/65KRv6cuWBNhBgHKAROVpc7QyYqE5gFng=="],

    "type-fest": ["type-fest@5.8.0", "", { "dependencies": { "tagged-tag": "^1.0.0" } }, "sha512-YGYEVz3Fm5iy/AybuA0oyNFq7H4CgQNfRp/qfe8nurE1kuCeNm3/vfm9X4Mtl+qLyaKJUh5xrFZwogr41SMjYA=="],

    "undici-types": ["undici-types@8.3.0", "", {}, "sha512-j375ScV60dom+YkPFIfTLcOiPxkN/buHz5GobjLhixFuANaNs3C9l4GmrWqejgXWJ7BbJcFYpTEUkS1Ge8bpZQ=="],

    "wildcard-match": ["wildcard-match@5.1.4", "", {}, "sha512-wldeCaczs8XXq7hj+5d/F38JE2r7EXgb6WQDM84RVwxy81T/sxB5e9+uZLK9Q9oNz1mlvjut+QtvgaOQFPVq/g=="],

    "zod": ["zod@4.4.3", "", {}, "sha512-ytENFjIJFl2UwYglde2jchW2Hwm4GJFLDiSXWdTrJQBIN9Fcyp7n4DhxJEiWNAJMV1/BqWfW/kkg71UDcHJyTQ=="],
  }
}
